Microsoft Visual Studio Solution File, Format Version 10.00
# Visual Studio 2008
Project("{8BC9CEB8-8B4A-11D0-8D11-00A0C91BC942}") = "ALL_BUILD", ".\ALL_BUILD.vcproj", "{E139208A-F3E3-47E6-881F-B859DD6D81BC}"
	ProjectSection(ProjectDependencies) = postProject
		{B062020D-9A2A-4D30-A97D-ACD6C1A0D437} = {B062020D-9A2A-4D30-A97D-ACD6C1A0D437}
		{02F8F80D-DC27-4FEC-B557-E398A2B5939F} = {02F8F80D-DC27-4FEC-B557-E398A2B5939F}
		{19F610B4-AE38-447E-BB6E-8B87C4196755} = {19F610B4-AE38-447E-BB6E-8B87C4196755}
		{3E09CF33-D97A-48E1-AFB7-E8BF78046C12} = {3E09CF33-D97A-48E1-AFB7-E8BF78046C12}
		{43084DAE-3375-4BBD-8C91-4A6B9282F2A4} = {43084DAE-3375-4BBD-8C91-4A6B9282F2A4}
		{665D422A-DFFD-4FCD-8DE9-18EF9EB357A8} = {665D422A-DFFD-4FCD-8DE9-18EF9EB357A8}
		{53CC2C00-88B7-4B63-9D4C-C1C6BF3E67CE} = {53CC2C00-88B7-4B63-9D4C-C1C6BF3E67CE}
		{4BD11175-189B-4FA1-B748-7C15F715C694} = {4BD11175-189B-4FA1-B748-7C15F715C694}
		{FA950093-2D9F-485C-8989-A45C04293DF1} = {FA950093-2D9F-485C-8989-A45C04293DF1}
		{CC0A9391-D40E-4D54-9BF7-5DE0CA9C242F} = {CC0A9391-D40E-4D54-9BF7-5DE0CA9C242F}
		{B34C699E-216F-41F8-8CC0-DFA8BB6E93E8} = {B34C699E-216F-41F8-8CC0-DFA8BB6E93E8}
		{1777E044-EFEC-4F88-93B6-55957235C597} = {1777E044-EFEC-4F88-93B6-55957235C597}
		{C009FE44-BD37-488E-8041-0B9433F430C7} = {C009FE44-BD37-488E-8041-0B9433F430C7}
		{D82873F8-D5D5-4561-B8BC-86950A38BEC6} = {D82873F8-D5D5-4561-B8BC-86950A38BEC6}
		{930655BE-8A43-4B62-8271-AB5C6DE316FF} = {930655BE-8A43-4B62-8271-AB5C6DE316FF}
	EndProjectSection
EndProject
Project("{8BC9CEB8-8B4A-11D0-8D11-00A0C91BC942}") = "ZERO_CHECK", ".\ZERO_CHECK.vcproj", "{B062020D-9A2A-4D30-A97D-ACD6C1A0D437}"
	ProjectSection(ProjectDependencies) = postProject
	EndProjectSection
EndProject
Project("{8BC9CEB8-8B4A-11D0-8D11-00A0C91BC942}") = "bistabilize", ".\bistabilize.vcproj", "{02F8F80D-DC27-4FEC-B557-E398A2B5939F}"
	ProjectSection(ProjectDependencies) = postProject
		{CC0A9391-D40E-4D54-9BF7-5DE0CA9C242F} = {CC0A9391-D40E-4D54-9BF7-5DE0CA9C242F}
		{D82873F8-D5D5-4561-B8BC-86950A38BEC6} = {D82873F8-D5D5-4561-B8BC-86950A38BEC6}
		{1777E044-EFEC-4F88-93B6-55957235C597} = {1777E044-EFEC-4F88-93B6-55957235C597}
		{FA950093-2D9F-485C-8989-A45C04293DF1} = {FA950093-2D9F-485C-8989-A45C04293DF1}
		{C009FE44-BD37-488E-8041-0B9433F430C7} = {C009FE44-BD37-488E-8041-0B9433F430C7}
		{930655BE-8A43-4B62-8271-AB5C6DE316FF} = {930655BE-8A43-4B62-8271-AB5C6DE316FF}
		{B062020D-9A2A-4D30-A97D-ACD6C1A0D437} = {B062020D-9A2A-4D30-A97D-ACD6C1A0D437}
	EndProjectSection
EndProject
Project("{8BC9CEB8-8B4A-11D0-8D11-00A0C91BC942}") = "cells_ssa", ".\cells_ssa.vcproj", "{19F610B4-AE38-447E-BB6E-8B87C4196755}"
	ProjectSection(ProjectDependencies) = postProject
		{B062020D-9A2A-4D30-A97D-ACD6C1A0D437} = {B062020D-9A2A-4D30-A97D-ACD6C1A0D437}
	EndProjectSection
EndProject
Project("{8BC9CEB8-8B4A-11D0-8D11-00A0C91BC942}") = "evolveChemotaxis", ".\evolveChemotaxis.vcproj", "{3E09CF33-D97A-48E1-AFB7-E8BF78046C12}"
	ProjectSection(ProjectDependencies) = postProject
		{1777E044-EFEC-4F88-93B6-55957235C597} = {1777E044-EFEC-4F88-93B6-55957235C597}
		{B34C699E-216F-41F8-8CC0-DFA8BB6E93E8} = {B34C699E-216F-41F8-8CC0-DFA8BB6E93E8}
		{FA950093-2D9F-485C-8989-A45C04293DF1} = {FA950093-2D9F-485C-8989-A45C04293DF1}
		{930655BE-8A43-4B62-8271-AB5C6DE316FF} = {930655BE-8A43-4B62-8271-AB5C6DE316FF}
		{C009FE44-BD37-488E-8041-0B9433F430C7} = {C009FE44-BD37-488E-8041-0B9433F430C7}
		{B062020D-9A2A-4D30-A97D-ACD6C1A0D437} = {B062020D-9A2A-4D30-A97D-ACD6C1A0D437}
	EndProjectSection
EndProject
Project("{8BC9CEB8-8B4A-11D0-8D11-00A0C91BC942}") = "evolveNoiseDamper", ".\evolveNoiseDamper.vcproj", "{43084DAE-3375-4BBD-8C91-4A6B9282F2A4}"
	ProjectSection(ProjectDependencies) = postProject
		{1777E044-EFEC-4F88-93B6-55957235C597} = {1777E044-EFEC-4F88-93B6-55957235C597}
		{FA950093-2D9F-485C-8989-A45C04293DF1} = {FA950093-2D9F-485C-8989-A45C04293DF1}
		{C009FE44-BD37-488E-8041-0B9433F430C7} = {C009FE44-BD37-488E-8041-0B9433F430C7}
		{930655BE-8A43-4B62-8271-AB5C6DE316FF} = {930655BE-8A43-4B62-8271-AB5C6DE316FF}
		{B062020D-9A2A-4D30-A97D-ACD6C1A0D437} = {B062020D-9A2A-4D30-A97D-ACD6C1A0D437}
	EndProjectSection
EndProject
Project("{8BC9CEB8-8B4A-11D0-8D11-00A0C91BC942}") = "evolveOscillator", ".\evolveOscillator.vcproj", "{665D422A-DFFD-4FCD-8DE9-18EF9EB357A8}"
	ProjectSection(ProjectDependencies) = postProject
		{1777E044-EFEC-4F88-93B6-55957235C597} = {1777E044-EFEC-4F88-93B6-55957235C597}
		{FA950093-2D9F-485C-8989-A45C04293DF1} = {FA950093-2D9F-485C-8989-A45C04293DF1}
		{C009FE44-BD37-488E-8041-0B9433F430C7} = {C009FE44-BD37-488E-8041-0B9433F430C7}
		{930655BE-8A43-4B62-8271-AB5C6DE316FF} = {930655BE-8A43-4B62-8271-AB5C6DE316FF}
		{B062020D-9A2A-4D30-A97D-ACD6C1A0D437} = {B062020D-9A2A-4D30-A97D-ACD6C1A0D437}
	EndProjectSection
EndProject
Project("{8BC9CEB8-8B4A-11D0-8D11-00A0C91BC942}") = "evolveXOR", ".\evolveXOR.vcproj", "{53CC2C00-88B7-4B63-9D4C-C1C6BF3E67CE}"
	ProjectSection(ProjectDependencies) = postProject
		{1777E044-EFEC-4F88-93B6-55957235C597} = {1777E044-EFEC-4F88-93B6-55957235C597}
		{FA950093-2D9F-485C-8989-A45C04293DF1} = {FA950093-2D9F-485C-8989-A45C04293DF1}
		{C009FE44-BD37-488E-8041-0B9433F430C7} = {C009FE44-BD37-488E-8041-0B9433F430C7}
		{930655BE-8A43-4B62-8271-AB5C6DE316FF} = {930655BE-8A43-4B62-8271-AB5C6DE316FF}
		{B062020D-9A2A-4D30-A97D-ACD6C1A0D437} = {B062020D-9A2A-4D30-A97D-ACD6C1A0D437}
	EndProjectSection
EndProject
Project("{8BC9CEB8-8B4A-11D0-8D11-00A0C91BC942}") = "findLoops", ".\findLoops.vcproj", "{4BD11175-189B-4FA1-B748-7C15F715C694}"
	ProjectSection(ProjectDependencies) = postProject
		{B34C699E-216F-41F8-8CC0-DFA8BB6E93E8} = {B34C699E-216F-41F8-8CC0-DFA8BB6E93E8}
		{C009FE44-BD37-488E-8041-0B9433F430C7} = {C009FE44-BD37-488E-8041-0B9433F430C7}
		{B062020D-9A2A-4D30-A97D-ACD6C1A0D437} = {B062020D-9A2A-4D30-A97D-ACD6C1A0D437}
	EndProjectSection
EndProject
Project("{8BC9CEB8-8B4A-11D0-8D11-00A0C91BC942}") = "ga", ".\ga.vcproj", "{FA950093-2D9F-485C-8989-A45C04293DF1}"
	ProjectSection(ProjectDependencies) = postProject
		{B062020D-9A2A-4D30-A97D-ACD6C1A0D437} = {B062020D-9A2A-4D30-A97D-ACD6C1A0D437}
	EndProjectSection
EndProject
Project("{8BC9CEB8-8B4A-11D0-8D11-00A0C91BC942}") = "gaBistabilize", ".\gaBistabilize.vcproj", "{CC0A9391-D40E-4D54-9BF7-5DE0CA9C242F}"
	ProjectSection(ProjectDependencies) = postProject
		{B062020D-9A2A-4D30-A97D-ACD6C1A0D437} = {B062020D-9A2A-4D30-A97D-ACD6C1A0D437}
	EndProjectSection
EndProject
Project("{8BC9CEB8-8B4A-11D0-8D11-00A0C91BC942}") = "loops", ".\loops.vcproj", "{B34C699E-216F-41F8-8CC0-DFA8BB6E93E8}"
	ProjectSection(ProjectDependencies) = postProject
		{B062020D-9A2A-4D30-A97D-ACD6C1A0D437} = {B062020D-9A2A-4D30-A97D-ACD6C1A0D437}
	EndProjectSection
EndProject
Project("{8BC9CEB8-8B4A-11D0-8D11-00A0C91BC942}") = "netga", ".\netga.vcproj", "{1777E044-EFEC-4F88-93B6-55957235C597}"
	ProjectSection(ProjectDependencies) = postProject
		{B062020D-9A2A-4D30-A97D-ACD6C1A0D437} = {B062020D-9A2A-4D30-A97D-ACD6C1A0D437}
	EndProjectSection
EndProject
Project("{8BC9CEB8-8B4A-11D0-8D11-00A0C91BC942}") = "ode", ".\ode.vcproj", "{C009FE44-BD37-488E-8041-0B9433F430C7}"
	ProjectSection(ProjectDependencies) = postProject
		{B062020D-9A2A-4D30-A97D-ACD6C1A0D437} = {B062020D-9A2A-4D30-A97D-ACD6C1A0D437}
	EndProjectSection
EndProject
Project("{8BC9CEB8-8B4A-11D0-8D11-00A0C91BC942}") = "optim", ".\optim.vcproj", "{D82873F8-D5D5-4561-B8BC-86950A38BEC6}"
	ProjectSection(ProjectDependencies) = postProject
		{B062020D-9A2A-4D30-A97D-ACD6C1A0D437} = {B062020D-9A2A-4D30-A97D-ACD6C1A0D437}
	EndProjectSection
EndProject
Project("{8BC9CEB8-8B4A-11D0-8D11-00A0C91BC942}") = "ssa", ".\ssa.vcproj", "{930655BE-8A43-4B62-8271-AB5C6DE316FF}"
	ProjectSection(ProjectDependencies) = postProject
		{B062020D-9A2A-4D30-A97D-ACD6C1A0D437} = {B062020D-9A2A-4D30-A97D-ACD6C1A0D437}
	EndProjectSection
EndProject
Global
	GlobalSection(SolutionConfigurationPlatforms) = preSolution
		Debug|Win32 = Debug|Win32
		Release|Win32 = Release|Win32
		MinSizeRel|Win32 = MinSizeRel|Win32
		RelWithDebInfo|Win32 = RelWithDebInfo|Win32
	EndGlobalSection
	GlobalSection(ProjectConfigurationPlatforms) = postSolution
		{E139208A-F3E3-47E6-881F-B859DD6D81BC}.Debug|Win32.ActiveCfg = Debug|Win32
		{E139208A-F3E3-47E6-881F-B859DD6D81BC}.Release|Win32.ActiveCfg = Release|Win32
		{E139208A-F3E3-47E6-881F-B859DD6D81BC}.MinSizeRel|Win32.ActiveCfg = MinSizeRel|Win32
		{E139208A-F3E3-47E6-881F-B859DD6D81BC}.RelWithDebInfo|Win32.ActiveCfg = RelWithDebInfo|Win32
		{B062020D-9A2A-4D30-A97D-ACD6C1A0D437}.Debug|Win32.ActiveCfg = Debug|Win32
		{B062020D-9A2A-4D30-A97D-ACD6C1A0D437}.Debug|Win32.Build.0 = Debug|Win32
		{B062020D-9A2A-4D30-A97D-ACD6C1A0D437}.Release|Win32.ActiveCfg = Release|Win32
		{B062020D-9A2A-4D30-A97D-ACD6C1A0D437}.Release|Win32.Build.0 = Release|Win32
		{B062020D-9A2A-4D30-A97D-ACD6C1A0D437}.MinSizeRel|Win32.ActiveCfg = MinSizeRel|Win32
		{B062020D-9A2A-4D30-A97D-ACD6C1A0D437}.MinSizeRel|Win32.Build.0 = MinSizeRel|Win32
		{B062020D-9A2A-4D30-A97D-ACD6C1A0D437}.RelWithDebInfo|Win32.ActiveCfg = RelWithDebInfo|Win32
		{B062020D-9A2A-4D30-A97D-ACD6C1A0D437}.RelWithDebInfo|Win32.Build.0 = RelWithDebInfo|Win32
		{02F8F80D-DC27-4FEC-B557-E398A2B5939F}.Debug|Win32.ActiveCfg = Debug|Win32
		{02F8F80D-DC27-4FEC-B557-E398A2B5939F}.Debug|Win32.Build.0 = Debug|Win32
		{02F8F80D-DC27-4FEC-B557-E398A2B5939F}.Release|Win32.ActiveCfg = Release|Win32
		{02F8F80D-DC27-4FEC-B557-E398A2B5939F}.Release|Win32.Build.0 = Release|Win32
		{02F8F80D-DC27-4FEC-B557-E398A2B5939F}.MinSizeRel|Win32.ActiveCfg = MinSizeRel|Win32
		{02F8F80D-DC27-4FEC-B557-E398A2B5939F}.MinSizeRel|Win32.Build.0 = MinSizeRel|Win32
		{02F8F80D-DC27-4FEC-B557-E398A2B5939F}.RelWithDebInfo|Win32.ActiveCfg = RelWithDebInfo|Win32
		{02F8F80D-DC27-4FEC-B557-E398A2B5939F}.RelWithDebInfo|Win32.Build.0 = RelWithDebInfo|Win32
		{19F610B4-AE38-447E-BB6E-8B87C4196755}.Debug|Win32.ActiveCfg = Debug|Win32
		{19F610B4-AE38-447E-BB6E-8B87C4196755}.Debug|Win32.Build.0 = Debug|Win32
		{19F610B4-AE38-447E-BB6E-8B87C4196755}.Release|Win32.ActiveCfg = Release|Win32
		{19F610B4-AE38-447E-BB6E-8B87C4196755}.Release|Win32.Build.0 = Release|Win32
		{19F610B4-AE38-447E-BB6E-8B87C4196755}.MinSizeRel|Win32.ActiveCfg = MinSizeRel|Win32
		{19F610B4-AE38-447E-BB6E-8B87C4196755}.MinSizeRel|Win32.Build.0 = MinSizeRel|Win32
		{19F610B4-AE38-447E-BB6E-8B87C4196755}.RelWithDebInfo|Win32.ActiveCfg = RelWithDebInfo|Win32
		{19F610B4-AE38-447E-BB6E-8B87C4196755}.RelWithDebInfo|Win32.Build.0 = RelWithDebInfo|Win32
		{3E09CF33-D97A-48E1-AFB7-E8BF78046C12}.Debug|Win32.ActiveCfg = Debug|Win32
		{3E09CF33-D97A-48E1-AFB7-E8BF78046C12}.Debug|Win32.Build.0 = Debug|Win32
		{3E09CF33-D97A-48E1-AFB7-E8BF78046C12}.Release|Win32.ActiveCfg = Release|Win32
		{3E09CF33-D97A-48E1-AFB7-E8BF78046C12}.Release|Win32.Build.0 = Release|Win32
		{3E09CF33-D97A-48E1-AFB7-E8BF78046C12}.MinSizeRel|Win32.ActiveCfg = MinSizeRel|Win32
		{3E09CF33-D97A-48E1-AFB7-E8BF78046C12}.MinSizeRel|Win32.Build.0 = MinSizeRel|Win32
		{3E09CF33-D97A-48E1-AFB7-E8BF78046C12}.RelWithDebInfo|Win32.ActiveCfg = RelWithDebInfo|Win32
		{3E09CF33-D97A-48E1-AFB7-E8BF78046C12}.RelWithDebInfo|Win32.Build.0 = RelWithDebInfo|Win32
		{43084DAE-3375-4BBD-8C91-4A6B9282F2A4}.Debug|Win32.ActiveCfg = Debug|Win32
		{43084DAE-3375-4BBD-8C91-4A6B9282F2A4}.Debug|Win32.Build.0 = Debug|Win32
		{43084DAE-3375-4BBD-8C91-4A6B9282F2A4}.Release|Win32.ActiveCfg = Release|Win32
		{43084DAE-3375-4BBD-8C91-4A6B9282F2A4}.Release|Win32.Build.0 = Release|Win32
		{43084DAE-3375-4BBD-8C91-4A6B9282F2A4}.MinSizeRel|Win32.ActiveCfg = MinSizeRel|Win32
		{43084DAE-3375-4BBD-8C91-4A6B9282F2A4}.MinSizeRel|Win32.Build.0 = MinSizeRel|Win32
		{43084DAE-3375-4BBD-8C91-4A6B9282F2A4}.RelWithDebInfo|Win32.ActiveCfg = RelWithDebInfo|Win32
		{43084DAE-3375-4BBD-8C91-4A6B9282F2A4}.RelWithDebInfo|Win32.Build.0 = RelWithDebInfo|Win32
		{665D422A-DFFD-4FCD-8DE9-18EF9EB357A8}.Debug|Win32.ActiveCfg = Debug|Win32
		{665D422A-DFFD-4FCD-8DE9-18EF9EB357A8}.Debug|Win32.Build.0 = Debug|Win32
		{665D422A-DFFD-4FCD-8DE9-18EF9EB357A8}.Release|Win32.ActiveCfg = Release|Win32
		{665D422A-DFFD-4FCD-8DE9-18EF9EB357A8}.Release|Win32.Build.0 = Release|Win32
		{665D422A-DFFD-4FCD-8DE9-18EF9EB357A8}.MinSizeRel|Win32.ActiveCfg = MinSizeRel|Win32
		{665D422A-DFFD-4FCD-8DE9-18EF9EB357A8}.MinSizeRel|Win32.Build.0 = MinSizeRel|Win32
		{665D422A-DFFD-4FCD-8DE9-18EF9EB357A8}.RelWithDebInfo|Win32.ActiveCfg = RelWithDebInfo|Win32
		{665D422A-DFFD-4FCD-8DE9-18EF9EB357A8}.RelWithDebInfo|Win32.Build.0 = RelWithDebInfo|Win32
		{53CC2C00-88B7-4B63-9D4C-C1C6BF3E67CE}.Debug|Win32.ActiveCfg = Debug|Win32
		{53CC2C00-88B7-4B63-9D4C-C1C6BF3E67CE}.Debug|Win32.Build.0 = Debug|Win32
		{53CC2C00-88B7-4B63-9D4C-C1C6BF3E67CE}.Release|Win32.ActiveCfg = Release|Win32
		{53CC2C00-88B7-4B63-9D4C-C1C6BF3E67CE}.Release|Win32.Build.0 = Release|Win32
		{53CC2C00-88B7-4B63-9D4C-C1C6BF3E67CE}.MinSizeRel|Win32.ActiveCfg = MinSizeRel|Win32
		{53CC2C00-88B7-4B63-9D4C-C1C6BF3E67CE}.MinSizeRel|Win32.Build.0 = MinSizeRel|Win32
		{53CC2C00-88B7-4B63-9D4C-C1C6BF3E67CE}.RelWithDebInfo|Win32.ActiveCfg = RelWithDebInfo|Win32
		{53CC2C00-88B7-4B63-9D4C-C1C6BF3E67CE}.RelWithDebInfo|Win32.Build.0 = RelWithDebInfo|Win32
		{4BD11175-189B-4FA1-B748-7C15F715C694}.Debug|Win32.ActiveCfg = Debug|Win32
		{4BD11175-189B-4FA1-B748-7C15F715C694}.Debug|Win32.Build.0 = Debug|Win32
		{4BD11175-189B-4FA1-B748-7C15F715C694}.Release|Win32.ActiveCfg = Release|Win32
		{4BD11175-189B-4FA1-B748-7C15F715C694}.Release|Win32.Build.0 = Release|Win32
		{4BD11175-189B-4FA1-B748-7C15F715C694}.MinSizeRel|Win32.ActiveCfg = MinSizeRel|Win32
		{4BD11175-189B-4FA1-B748-7C15F715C694}.MinSizeRel|Win32.Build.0 = MinSizeRel|Win32
		{4BD11175-189B-4FA1-B748-7C15F715C694}.RelWithDebInfo|Win32.ActiveCfg = RelWithDebInfo|Win32
		{4BD11175-189B-4FA1-B748-7C15F715C694}.RelWithDebInfo|Win32.Build.0 = RelWithDebInfo|Win32
		{FA950093-2D9F-485C-8989-A45C04293DF1}.Debug|Win32.ActiveCfg = Debug|Win32
		{FA950093-2D9F-485C-8989-A45C04293DF1}.Debug|Win32.Build.0 = Debug|Win32
		{FA950093-2D9F-485C-8989-A45C04293DF1}.Release|Win32.ActiveCfg = Release|Win32
		{FA950093-2D9F-485C-8989-A45C04293DF1}.Release|Win32.Build.0 = Release|Win32
		{FA950093-2D9F-485C-8989-A45C04293DF1}.MinSizeRel|Win32.ActiveCfg = MinSizeRel|Win32
		{FA950093-2D9F-485C-8989-A45C04293DF1}.MinSizeRel|Win32.Build.0 = MinSizeRel|Win32
		{FA950093-2D9F-485C-8989-A45C04293DF1}.RelWithDebInfo|Win32.ActiveCfg = RelWithDebInfo|Win32
		{FA950093-2D9F-485C-8989-A45C04293DF1}.RelWithDebInfo|Win32.Build.0 = RelWithDebInfo|Win32
		{CC0A9391-D40E-4D54-9BF7-5DE0CA9C242F}.Debug|Win32.ActiveCfg = Debug|Win32
		{CC0A9391-D40E-4D54-9BF7-5DE0CA9C242F}.Debug|Win32.Build.0 = Debug|Win32
		{CC0A9391-D40E-4D54-9BF7-5DE0CA9C242F}.Release|Win32.ActiveCfg = Release|Win32
		{CC0A9391-D40E-4D54-9BF7-5DE0CA9C242F}.Release|Win32.Build.0 = Release|Win32
		{CC0A9391-D40E-4D54-9BF7-5DE0CA9C242F}.MinSizeRel|Win32.ActiveCfg = MinSizeRel|Win32
		{CC0A9391-D40E-4D54-9BF7-5DE0CA9C242F}.MinSizeRel|Win32.Build.0 = MinSizeRel|Win32
		{CC0A9391-D40E-4D54-9BF7-5DE0CA9C242F}.RelWithDebInfo|Win32.ActiveCfg = RelWithDebInfo|Win32
		{CC0A9391-D40E-4D54-9BF7-5DE0CA9C242F}.RelWithDebInfo|Win32.Build.0 = RelWithDebInfo|Win32
		{B34C699E-216F-41F8-8CC0-DFA8BB6E93E8}.Debug|Win32.ActiveCfg = Debug|Win32
		{B34C699E-216F-41F8-8CC0-DFA8BB6E93E8}.Debug|Win32.Build.0 = Debug|Win32
		{B34C699E-216F-41F8-8CC0-DFA8BB6E93E8}.Release|Win32.ActiveCfg = Release|Win32
		{B34C699E-216F-41F8-8CC0-DFA8BB6E93E8}.Release|Win32.Build.0 = Release|Win32
		{B34C699E-216F-41F8-8CC0-DFA8BB6E93E8}.MinSizeRel|Win32.ActiveCfg = MinSizeRel|Win32
		{B34C699E-216F-41F8-8CC0-DFA8BB6E93E8}.MinSizeRel|Win32.Build.0 = MinSizeRel|Win32
		{B34C699E-216F-41F8-8CC0-DFA8BB6E93E8}.RelWithDebInfo|Win32.ActiveCfg = RelWithDebInfo|Win32
		{B34C699E-216F-41F8-8CC0-DFA8BB6E93E8}.RelWithDebInfo|Win32.Build.0 = RelWithDebInfo|Win32
		{1777E044-EFEC-4F88-93B6-55957235C597}.Debug|Win32.ActiveCfg = Debug|Win32
		{1777E044-EFEC-4F88-93B6-55957235C597}.Debug|Win32.Build.0 = Debug|Win32
		{1777E044-EFEC-4F88-93B6-55957235C597}.Release|Win32.ActiveCfg = Release|Win32
		{1777E044-EFEC-4F88-93B6-55957235C597}.Release|Win32.Build.0 = Release|Win32
		{1777E044-EFEC-4F88-93B6-55957235C597}.MinSizeRel|Win32.ActiveCfg = MinSizeRel|Win32
		{1777E044-EFEC-4F88-93B6-55957235C597}.MinSizeRel|Win32.Build.0 = MinSizeRel|Win32
		{1777E044-EFEC-4F88-93B6-55957235C597}.RelWithDebInfo|Win32.ActiveCfg = RelWithDebInfo|Win32
		{1777E044-EFEC-4F88-93B6-55957235C597}.RelWithDebInfo|Win32.Build.0 = RelWithDebInfo|Win32
		{C009FE44-BD37-488E-8041-0B9433F430C7}.Debug|Win32.ActiveCfg = Debug|Win32
		{C009FE44-BD37-488E-8041-0B9433F430C7}.Debug|Win32.Build.0 = Debug|Win32
		{C009FE44-BD37-488E-8041-0B9433F430C7}.Release|Win32.ActiveCfg = Release|Win32
		{C009FE44-BD37-488E-8041-0B9433F430C7}.Release|Win32.Build.0 = Release|Win32
		{C009FE44-BD37-488E-8041-0B9433F430C7}.MinSizeRel|Win32.ActiveCfg = MinSizeRel|Win32
		{C009FE44-BD37-488E-8041-0B9433F430C7}.MinSizeRel|Win32.Build.0 = MinSizeRel|Win32
		{C009FE44-BD37-488E-8041-0B9433F430C7}.RelWithDebInfo|Win32.ActiveCfg = RelWithDebInfo|Win32
		{C009FE44-BD37-488E-8041-0B9433F430C7}.RelWithDebInfo|Win32.Build.0 = RelWithDebInfo|Win32
		{D82873F8-D5D5-4561-B8BC-86950A38BEC6}.Debug|Win32.ActiveCfg = Debug|Win32
		{D82873F8-D5D5-4561-B8BC-86950A38BEC6}.Debug|Win32.Build.0 = Debug|Win32
		{D82873F8-D5D5-4561-B8BC-86950A38BEC6}.Release|Win32.ActiveCfg = Release|Win32
		{D82873F8-D5D5-4561-B8BC-86950A38BEC6}.Release|Win32.Build.0 = Release|Win32
		{D82873F8-D5D5-4561-B8BC-86950A38BEC6}.MinSizeRel|Win32.ActiveCfg = MinSizeRel|Win32
		{D82873F8-D5D5-4561-B8BC-86950A38BEC6}.MinSizeRel|Win32.Build.0 = MinSizeRel|Win32
		{D82873F8-D5D5-4561-B8BC-86950A38BEC6}.RelWithDebInfo|Win32.ActiveCfg = RelWithDebInfo|Win32
		{D82873F8-D5D5-4561-B8BC-86950A38BEC6}.RelWithDebInfo|Win32.Build.0 = RelWithDebInfo|Win32
		{930655BE-8A43-4B62-8271-AB5C6DE316FF}.Debug|Win32.ActiveCfg = Debug|Win32
		{930655BE-8A43-4B62-8271-AB5C6DE316FF}.Debug|Win32.Build.0 = Debug|Win32
		{930655BE-8A43-4B62-8271-AB5C6DE316FF}.Release|Win32.ActiveCfg = Release|Win32
		{930655BE-8A43-4B62-8271-AB5C6DE316FF}.Release|Win32.Build.0 = Release|Win32
		{930655BE-8A43-4B62-8271-AB5C6DE316FF}.MinSizeRel|Win32.ActiveCfg = MinSizeRel|Win32
		{930655BE-8A43-4B62-8271-AB5C6DE316FF}.MinSizeRel|Win32.Build.0 = MinSizeRel|Win32
		{930655BE-8A43-4B62-8271-AB5C6DE316FF}.RelWithDebInfo|Win32.ActiveCfg = RelWithDebInfo|Win32
		{930655BE-8A43-4B62-8271-AB5C6DE316FF}.RelWithDebInfo|Win32.Build.0 = RelWithDebInfo|Win32
	EndGlobalSection
	GlobalSection(ExtensibilityGlobals) = postSolution
	EndGlobalSection
	GlobalSection(ExtensibilityAddIns) = postSolution
	EndGlobalSection
EndGlobal
