Microsoft Visual Studio Solution File, Format Version 10.00
# Visual Studio 2008
Project("{8BC9CEB8-8B4A-11D0-8D11-00A0C91BC942}") = "ALL_BUILD", ".\ALL_BUILD.vcproj", "{5A8D0BAA-D38A-4D86-BC34-FEEF48E9A367}"
	ProjectSection(ProjectDependencies) = postProject
		{EEFEE7CE-A6A4-49C1-8706-9F0FCABD4056} = {EEFEE7CE-A6A4-49C1-8706-9F0FCABD4056}
		{0FF01DD0-C5F6-4B41-BE32-B0BA6C4651AC} = {0FF01DD0-C5F6-4B41-BE32-B0BA6C4651AC}
		{1C4E9B59-5E3B-411E-A87D-EA97AF26C310} = {1C4E9B59-5E3B-411E-A87D-EA97AF26C310}
		{66571B23-5156-42E0-8A43-C8BE8F19CFA6} = {66571B23-5156-42E0-8A43-C8BE8F19CFA6}
		{0726C82C-5A2E-4D89-A2E8-354E53C3B1D7} = {0726C82C-5A2E-4D89-A2E8-354E53C3B1D7}
		{D4FC3CAA-B78D-4A5A-B615-49D93C2AD391} = {D4FC3CAA-B78D-4A5A-B615-49D93C2AD391}
		{6A8ECB68-F219-4CCC-9FBB-1E8888DE626E} = {6A8ECB68-F219-4CCC-9FBB-1E8888DE626E}
		{F112F0CA-D58E-4974-A983-8E4655893C01} = {F112F0CA-D58E-4974-A983-8E4655893C01}
		{E7557BF3-6277-4344-99E4-F1D4AFEB519B} = {E7557BF3-6277-4344-99E4-F1D4AFEB519B}
		{CE521616-8864-4605-A1D5-21EA3B2CABB3} = {CE521616-8864-4605-A1D5-21EA3B2CABB3}
		{46C1895B-6FC2-4209-8597-78EEC2E16EF9} = {46C1895B-6FC2-4209-8597-78EEC2E16EF9}
		{E3BABA54-201F-4254-8EE5-9964367B9670} = {E3BABA54-201F-4254-8EE5-9964367B9670}
		{421A79A4-FAD2-4AC6-BA92-152AAAB85491} = {421A79A4-FAD2-4AC6-BA92-152AAAB85491}
		{9C5FB997-CFB9-468B-B510-EC9B94BAA229} = {9C5FB997-CFB9-468B-B510-EC9B94BAA229}
		{5947DA2A-DE49-4BB1-B5F4-63FB6F6C3A87} = {5947DA2A-DE49-4BB1-B5F4-63FB6F6C3A87}
	EndProjectSection
EndProject
Project("{8BC9CEB8-8B4A-11D0-8D11-00A0C91BC942}") = "ZERO_CHECK", ".\ZERO_CHECK.vcproj", "{EEFEE7CE-A6A4-49C1-8706-9F0FCABD4056}"
	ProjectSection(ProjectDependencies) = postProject
	EndProjectSection
EndProject
Project("{8BC9CEB8-8B4A-11D0-8D11-00A0C91BC942}") = "bistabilize", ".\bistabilize.vcproj", "{0FF01DD0-C5F6-4B41-BE32-B0BA6C4651AC}"
	ProjectSection(ProjectDependencies) = postProject
		{CE521616-8864-4605-A1D5-21EA3B2CABB3} = {CE521616-8864-4605-A1D5-21EA3B2CABB3}
		{9C5FB997-CFB9-468B-B510-EC9B94BAA229} = {9C5FB997-CFB9-468B-B510-EC9B94BAA229}
		{E3BABA54-201F-4254-8EE5-9964367B9670} = {E3BABA54-201F-4254-8EE5-9964367B9670}
		{E7557BF3-6277-4344-99E4-F1D4AFEB519B} = {E7557BF3-6277-4344-99E4-F1D4AFEB519B}
		{421A79A4-FAD2-4AC6-BA92-152AAAB85491} = {421A79A4-FAD2-4AC6-BA92-152AAAB85491}
		{5947DA2A-DE49-4BB1-B5F4-63FB6F6C3A87} = {5947DA2A-DE49-4BB1-B5F4-63FB6F6C3A87}
		{EEFEE7CE-A6A4-49C1-8706-9F0FCABD4056} = {EEFEE7CE-A6A4-49C1-8706-9F0FCABD4056}
	EndProjectSection
EndProject
Project("{8BC9CEB8-8B4A-11D0-8D11-00A0C91BC942}") = "cells_ssa", ".\cells_ssa.vcproj", "{1C4E9B59-5E3B-411E-A87D-EA97AF26C310}"
	ProjectSection(ProjectDependencies) = postProject
		{EEFEE7CE-A6A4-49C1-8706-9F0FCABD4056} = {EEFEE7CE-A6A4-49C1-8706-9F0FCABD4056}
	EndProjectSection
EndProject
Project("{8BC9CEB8-8B4A-11D0-8D11-00A0C91BC942}") = "evolveChemotaxis", ".\evolveChemotaxis.vcproj", "{66571B23-5156-42E0-8A43-C8BE8F19CFA6}"
	ProjectSection(ProjectDependencies) = postProject
		{E3BABA54-201F-4254-8EE5-9964367B9670} = {E3BABA54-201F-4254-8EE5-9964367B9670}
		{46C1895B-6FC2-4209-8597-78EEC2E16EF9} = {46C1895B-6FC2-4209-8597-78EEC2E16EF9}
		{E7557BF3-6277-4344-99E4-F1D4AFEB519B} = {E7557BF3-6277-4344-99E4-F1D4AFEB519B}
		{5947DA2A-DE49-4BB1-B5F4-63FB6F6C3A87} = {5947DA2A-DE49-4BB1-B5F4-63FB6F6C3A87}
		{421A79A4-FAD2-4AC6-BA92-152AAAB85491} = {421A79A4-FAD2-4AC6-BA92-152AAAB85491}
		{EEFEE7CE-A6A4-49C1-8706-9F0FCABD4056} = {EEFEE7CE-A6A4-49C1-8706-9F0FCABD4056}
	EndProjectSection
EndProject
Project("{8BC9CEB8-8B4A-11D0-8D11-00A0C91BC942}") = "evolveNoiseDamper", ".\evolveNoiseDamper.vcproj", "{0726C82C-5A2E-4D89-A2E8-354E53C3B1D7}"
	ProjectSection(ProjectDependencies) = postProject
		{E3BABA54-201F-4254-8EE5-9964367B9670} = {E3BABA54-201F-4254-8EE5-9964367B9670}
		{E7557BF3-6277-4344-99E4-F1D4AFEB519B} = {E7557BF3-6277-4344-99E4-F1D4AFEB519B}
		{421A79A4-FAD2-4AC6-BA92-152AAAB85491} = {421A79A4-FAD2-4AC6-BA92-152AAAB85491}
		{5947DA2A-DE49-4BB1-B5F4-63FB6F6C3A87} = {5947DA2A-DE49-4BB1-B5F4-63FB6F6C3A87}
		{EEFEE7CE-A6A4-49C1-8706-9F0FCABD4056} = {EEFEE7CE-A6A4-49C1-8706-9F0FCABD4056}
	EndProjectSection
EndProject
Project("{8BC9CEB8-8B4A-11D0-8D11-00A0C91BC942}") = "evolveOscillator", ".\evolveOscillator.vcproj", "{D4FC3CAA-B78D-4A5A-B615-49D93C2AD391}"
	ProjectSection(ProjectDependencies) = postProject
		{E3BABA54-201F-4254-8EE5-9964367B9670} = {E3BABA54-201F-4254-8EE5-9964367B9670}
		{E7557BF3-6277-4344-99E4-F1D4AFEB519B} = {E7557BF3-6277-4344-99E4-F1D4AFEB519B}
		{421A79A4-FAD2-4AC6-BA92-152AAAB85491} = {421A79A4-FAD2-4AC6-BA92-152AAAB85491}
		{5947DA2A-DE49-4BB1-B5F4-63FB6F6C3A87} = {5947DA2A-DE49-4BB1-B5F4-63FB6F6C3A87}
		{EEFEE7CE-A6A4-49C1-8706-9F0FCABD4056} = {EEFEE7CE-A6A4-49C1-8706-9F0FCABD4056}
	EndProjectSection
EndProject
Project("{8BC9CEB8-8B4A-11D0-8D11-00A0C91BC942}") = "evolveXOR", ".\evolveXOR.vcproj", "{6A8ECB68-F219-4CCC-9FBB-1E8888DE626E}"
	ProjectSection(ProjectDependencies) = postProject
		{E3BABA54-201F-4254-8EE5-9964367B9670} = {E3BABA54-201F-4254-8EE5-9964367B9670}
		{E7557BF3-6277-4344-99E4-F1D4AFEB519B} = {E7557BF3-6277-4344-99E4-F1D4AFEB519B}
		{421A79A4-FAD2-4AC6-BA92-152AAAB85491} = {421A79A4-FAD2-4AC6-BA92-152AAAB85491}
		{5947DA2A-DE49-4BB1-B5F4-63FB6F6C3A87} = {5947DA2A-DE49-4BB1-B5F4-63FB6F6C3A87}
		{EEFEE7CE-A6A4-49C1-8706-9F0FCABD4056} = {EEFEE7CE-A6A4-49C1-8706-9F0FCABD4056}
	EndProjectSection
EndProject
Project("{8BC9CEB8-8B4A-11D0-8D11-00A0C91BC942}") = "findLoops", ".\findLoops.vcproj", "{F112F0CA-D58E-4974-A983-8E4655893C01}"
	ProjectSection(ProjectDependencies) = postProject
		{46C1895B-6FC2-4209-8597-78EEC2E16EF9} = {46C1895B-6FC2-4209-8597-78EEC2E16EF9}
		{421A79A4-FAD2-4AC6-BA92-152AAAB85491} = {421A79A4-FAD2-4AC6-BA92-152AAAB85491}
		{EEFEE7CE-A6A4-49C1-8706-9F0FCABD4056} = {EEFEE7CE-A6A4-49C1-8706-9F0FCABD4056}
	EndProjectSection
EndProject
Project("{8BC9CEB8-8B4A-11D0-8D11-00A0C91BC942}") = "ga", ".\ga.vcproj", "{E7557BF3-6277-4344-99E4-F1D4AFEB519B}"
	ProjectSection(ProjectDependencies) = postProject
		{EEFEE7CE-A6A4-49C1-8706-9F0FCABD4056} = {EEFEE7CE-A6A4-49C1-8706-9F0FCABD4056}
	EndProjectSection
EndProject
Project("{8BC9CEB8-8B4A-11D0-8D11-00A0C91BC942}") = "gaBistabilize", ".\gaBistabilize.vcproj", "{CE521616-8864-4605-A1D5-21EA3B2CABB3}"
	ProjectSection(ProjectDependencies) = postProject
		{EEFEE7CE-A6A4-49C1-8706-9F0FCABD4056} = {EEFEE7CE-A6A4-49C1-8706-9F0FCABD4056}
	EndProjectSection
EndProject
Project("{8BC9CEB8-8B4A-11D0-8D11-00A0C91BC942}") = "loops", ".\loops.vcproj", "{46C1895B-6FC2-4209-8597-78EEC2E16EF9}"
	ProjectSection(ProjectDependencies) = postProject
		{EEFEE7CE-A6A4-49C1-8706-9F0FCABD4056} = {EEFEE7CE-A6A4-49C1-8706-9F0FCABD4056}
	EndProjectSection
EndProject
Project("{8BC9CEB8-8B4A-11D0-8D11-00A0C91BC942}") = "netga", ".\netga.vcproj", "{E3BABA54-201F-4254-8EE5-9964367B9670}"
	ProjectSection(ProjectDependencies) = postProject
		{EEFEE7CE-A6A4-49C1-8706-9F0FCABD4056} = {EEFEE7CE-A6A4-49C1-8706-9F0FCABD4056}
	EndProjectSection
EndProject
Project("{8BC9CEB8-8B4A-11D0-8D11-00A0C91BC942}") = "ode", ".\ode.vcproj", "{421A79A4-FAD2-4AC6-BA92-152AAAB85491}"
	ProjectSection(ProjectDependencies) = postProject
		{EEFEE7CE-A6A4-49C1-8706-9F0FCABD4056} = {EEFEE7CE-A6A4-49C1-8706-9F0FCABD4056}
	EndProjectSection
EndProject
Project("{8BC9CEB8-8B4A-11D0-8D11-00A0C91BC942}") = "optim", ".\optim.vcproj", "{9C5FB997-CFB9-468B-B510-EC9B94BAA229}"
	ProjectSection(ProjectDependencies) = postProject
		{EEFEE7CE-A6A4-49C1-8706-9F0FCABD4056} = {EEFEE7CE-A6A4-49C1-8706-9F0FCABD4056}
	EndProjectSection
EndProject
Project("{8BC9CEB8-8B4A-11D0-8D11-00A0C91BC942}") = "ssa", ".\ssa.vcproj", "{5947DA2A-DE49-4BB1-B5F4-63FB6F6C3A87}"
	ProjectSection(ProjectDependencies) = postProject
		{EEFEE7CE-A6A4-49C1-8706-9F0FCABD4056} = {EEFEE7CE-A6A4-49C1-8706-9F0FCABD4056}
	EndProjectSection
EndProject
Global
	GlobalSection(SolutionConfigurationPlatforms) = preSolution
		Debug|Win32 = Debug|Win32
		Release|Win32 = Release|Win32
		MinSizeRel|Win32 = MinSizeRel|Win32
		RelWithDebInfo|Win32 = RelWithDebInfo|Win32
	EndGlobalSection
	GlobalSection(ProjectConfigurationPlatforms) = postSolution
		{5A8D0BAA-D38A-4D86-BC34-FEEF48E9A367}.Debug|Win32.ActiveCfg = Debug|Win32
		{5A8D0BAA-D38A-4D86-BC34-FEEF48E9A367}.Release|Win32.ActiveCfg = Release|Win32
		{5A8D0BAA-D38A-4D86-BC34-FEEF48E9A367}.MinSizeRel|Win32.ActiveCfg = MinSizeRel|Win32
		{5A8D0BAA-D38A-4D86-BC34-FEEF48E9A367}.RelWithDebInfo|Win32.ActiveCfg = RelWithDebInfo|Win32
		{EEFEE7CE-A6A4-49C1-8706-9F0FCABD4056}.Debug|Win32.ActiveCfg = Debug|Win32
		{EEFEE7CE-A6A4-49C1-8706-9F0FCABD4056}.Debug|Win32.Build.0 = Debug|Win32
		{EEFEE7CE-A6A4-49C1-8706-9F0FCABD4056}.Release|Win32.ActiveCfg = Release|Win32
		{EEFEE7CE-A6A4-49C1-8706-9F0FCABD4056}.Release|Win32.Build.0 = Release|Win32
		{EEFEE7CE-A6A4-49C1-8706-9F0FCABD4056}.MinSizeRel|Win32.ActiveCfg = MinSizeRel|Win32
		{EEFEE7CE-A6A4-49C1-8706-9F0FCABD4056}.MinSizeRel|Win32.Build.0 = MinSizeRel|Win32
		{EEFEE7CE-A6A4-49C1-8706-9F0FCABD4056}.RelWithDebInfo|Win32.ActiveCfg = RelWithDebInfo|Win32
		{EEFEE7CE-A6A4-49C1-8706-9F0FCABD4056}.RelWithDebInfo|Win32.Build.0 = RelWithDebInfo|Win32
		{0FF01DD0-C5F6-4B41-BE32-B0BA6C4651AC}.Debug|Win32.ActiveCfg = Debug|Win32
		{0FF01DD0-C5F6-4B41-BE32-B0BA6C4651AC}.Debug|Win32.Build.0 = Debug|Win32
		{0FF01DD0-C5F6-4B41-BE32-B0BA6C4651AC}.Release|Win32.ActiveCfg = Release|Win32
		{0FF01DD0-C5F6-4B41-BE32-B0BA6C4651AC}.Release|Win32.Build.0 = Release|Win32
		{0FF01DD0-C5F6-4B41-BE32-B0BA6C4651AC}.MinSizeRel|Win32.ActiveCfg = MinSizeRel|Win32
		{0FF01DD0-C5F6-4B41-BE32-B0BA6C4651AC}.MinSizeRel|Win32.Build.0 = MinSizeRel|Win32
		{0FF01DD0-C5F6-4B41-BE32-B0BA6C4651AC}.RelWithDebInfo|Win32.ActiveCfg = RelWithDebInfo|Win32
		{0FF01DD0-C5F6-4B41-BE32-B0BA6C4651AC}.RelWithDebInfo|Win32.Build.0 = RelWithDebInfo|Win32
		{1C4E9B59-5E3B-411E-A87D-EA97AF26C310}.Debug|Win32.ActiveCfg = Debug|Win32
		{1C4E9B59-5E3B-411E-A87D-EA97AF26C310}.Debug|Win32.Build.0 = Debug|Win32
		{1C4E9B59-5E3B-411E-A87D-EA97AF26C310}.Release|Win32.ActiveCfg = Release|Win32
		{1C4E9B59-5E3B-411E-A87D-EA97AF26C310}.Release|Win32.Build.0 = Release|Win32
		{1C4E9B59-5E3B-411E-A87D-EA97AF26C310}.MinSizeRel|Win32.ActiveCfg = MinSizeRel|Win32
		{1C4E9B59-5E3B-411E-A87D-EA97AF26C310}.MinSizeRel|Win32.Build.0 = MinSizeRel|Win32
		{1C4E9B59-5E3B-411E-A87D-EA97AF26C310}.RelWithDebInfo|Win32.ActiveCfg = RelWithDebInfo|Win32
		{1C4E9B59-5E3B-411E-A87D-EA97AF26C310}.RelWithDebInfo|Win32.Build.0 = RelWithDebInfo|Win32
		{66571B23-5156-42E0-8A43-C8BE8F19CFA6}.Debug|Win32.ActiveCfg = Debug|Win32
		{66571B23-5156-42E0-8A43-C8BE8F19CFA6}.Debug|Win32.Build.0 = Debug|Win32
		{66571B23-5156-42E0-8A43-C8BE8F19CFA6}.Release|Win32.ActiveCfg = Release|Win32
		{66571B23-5156-42E0-8A43-C8BE8F19CFA6}.Release|Win32.Build.0 = Release|Win32
		{66571B23-5156-42E0-8A43-C8BE8F19CFA6}.MinSizeRel|Win32.ActiveCfg = MinSizeRel|Win32
		{66571B23-5156-42E0-8A43-C8BE8F19CFA6}.MinSizeRel|Win32.Build.0 = MinSizeRel|Win32
		{66571B23-5156-42E0-8A43-C8BE8F19CFA6}.RelWithDebInfo|Win32.ActiveCfg = RelWithDebInfo|Win32
		{66571B23-5156-42E0-8A43-C8BE8F19CFA6}.RelWithDebInfo|Win32.Build.0 = RelWithDebInfo|Win32
		{0726C82C-5A2E-4D89-A2E8-354E53C3B1D7}.Debug|Win32.ActiveCfg = Debug|Win32
		{0726C82C-5A2E-4D89-A2E8-354E53C3B1D7}.Debug|Win32.Build.0 = Debug|Win32
		{0726C82C-5A2E-4D89-A2E8-354E53C3B1D7}.Release|Win32.ActiveCfg = Release|Win32
		{0726C82C-5A2E-4D89-A2E8-354E53C3B1D7}.Release|Win32.Build.0 = Release|Win32
		{0726C82C-5A2E-4D89-A2E8-354E53C3B1D7}.MinSizeRel|Win32.ActiveCfg = MinSizeRel|Win32
		{0726C82C-5A2E-4D89-A2E8-354E53C3B1D7}.MinSizeRel|Win32.Build.0 = MinSizeRel|Win32
		{0726C82C-5A2E-4D89-A2E8-354E53C3B1D7}.RelWithDebInfo|Win32.ActiveCfg = RelWithDebInfo|Win32
		{0726C82C-5A2E-4D89-A2E8-354E53C3B1D7}.RelWithDebInfo|Win32.Build.0 = RelWithDebInfo|Win32
		{D4FC3CAA-B78D-4A5A-B615-49D93C2AD391}.Debug|Win32.ActiveCfg = Debug|Win32
		{D4FC3CAA-B78D-4A5A-B615-49D93C2AD391}.Debug|Win32.Build.0 = Debug|Win32
		{D4FC3CAA-B78D-4A5A-B615-49D93C2AD391}.Release|Win32.ActiveCfg = Release|Win32
		{D4FC3CAA-B78D-4A5A-B615-49D93C2AD391}.Release|Win32.Build.0 = Release|Win32
		{D4FC3CAA-B78D-4A5A-B615-49D93C2AD391}.MinSizeRel|Win32.ActiveCfg = MinSizeRel|Win32
		{D4FC3CAA-B78D-4A5A-B615-49D93C2AD391}.MinSizeRel|Win32.Build.0 = MinSizeRel|Win32
		{D4FC3CAA-B78D-4A5A-B615-49D93C2AD391}.RelWithDebInfo|Win32.ActiveCfg = RelWithDebInfo|Win32
		{D4FC3CAA-B78D-4A5A-B615-49D93C2AD391}.RelWithDebInfo|Win32.Build.0 = RelWithDebInfo|Win32
		{6A8ECB68-F219-4CCC-9FBB-1E8888DE626E}.Debug|Win32.ActiveCfg = Debug|Win32
		{6A8ECB68-F219-4CCC-9FBB-1E8888DE626E}.Debug|Win32.Build.0 = Debug|Win32
		{6A8ECB68-F219-4CCC-9FBB-1E8888DE626E}.Release|Win32.ActiveCfg = Release|Win32
		{6A8ECB68-F219-4CCC-9FBB-1E8888DE626E}.Release|Win32.Build.0 = Release|Win32
		{6A8ECB68-F219-4CCC-9FBB-1E8888DE626E}.MinSizeRel|Win32.ActiveCfg = MinSizeRel|Win32
		{6A8ECB68-F219-4CCC-9FBB-1E8888DE626E}.MinSizeRel|Win32.Build.0 = MinSizeRel|Win32
		{6A8ECB68-F219-4CCC-9FBB-1E8888DE626E}.RelWithDebInfo|Win32.ActiveCfg = RelWithDebInfo|Win32
		{6A8ECB68-F219-4CCC-9FBB-1E8888DE626E}.RelWithDebInfo|Win32.Build.0 = RelWithDebInfo|Win32
		{F112F0CA-D58E-4974-A983-8E4655893C01}.Debug|Win32.ActiveCfg = Debug|Win32
		{F112F0CA-D58E-4974-A983-8E4655893C01}.Debug|Win32.Build.0 = Debug|Win32
		{F112F0CA-D58E-4974-A983-8E4655893C01}.Release|Win32.ActiveCfg = Release|Win32
		{F112F0CA-D58E-4974-A983-8E4655893C01}.Release|Win32.Build.0 = Release|Win32
		{F112F0CA-D58E-4974-A983-8E4655893C01}.MinSizeRel|Win32.ActiveCfg = MinSizeRel|Win32
		{F112F0CA-D58E-4974-A983-8E4655893C01}.MinSizeRel|Win32.Build.0 = MinSizeRel|Win32
		{F112F0CA-D58E-4974-A983-8E4655893C01}.RelWithDebInfo|Win32.ActiveCfg = RelWithDebInfo|Win32
		{F112F0CA-D58E-4974-A983-8E4655893C01}.RelWithDebInfo|Win32.Build.0 = RelWithDebInfo|Win32
		{E7557BF3-6277-4344-99E4-F1D4AFEB519B}.Debug|Win32.ActiveCfg = Debug|Win32
		{E7557BF3-6277-4344-99E4-F1D4AFEB519B}.Debug|Win32.Build.0 = Debug|Win32
		{E7557BF3-6277-4344-99E4-F1D4AFEB519B}.Release|Win32.ActiveCfg = Release|Win32
		{E7557BF3-6277-4344-99E4-F1D4AFEB519B}.Release|Win32.Build.0 = Release|Win32
		{E7557BF3-6277-4344-99E4-F1D4AFEB519B}.MinSizeRel|Win32.ActiveCfg = MinSizeRel|Win32
		{E7557BF3-6277-4344-99E4-F1D4AFEB519B}.MinSizeRel|Win32.Build.0 = MinSizeRel|Win32
		{E7557BF3-6277-4344-99E4-F1D4AFEB519B}.RelWithDebInfo|Win32.ActiveCfg = RelWithDebInfo|Win32
		{E7557BF3-6277-4344-99E4-F1D4AFEB519B}.RelWithDebInfo|Win32.Build.0 = RelWithDebInfo|Win32
		{CE521616-8864-4605-A1D5-21EA3B2CABB3}.Debug|Win32.ActiveCfg = Debug|Win32
		{CE521616-8864-4605-A1D5-21EA3B2CABB3}.Debug|Win32.Build.0 = Debug|Win32
		{CE521616-8864-4605-A1D5-21EA3B2CABB3}.Release|Win32.ActiveCfg = Release|Win32
		{CE521616-8864-4605-A1D5-21EA3B2CABB3}.Release|Win32.Build.0 = Release|Win32
		{CE521616-8864-4605-A1D5-21EA3B2CABB3}.MinSizeRel|Win32.ActiveCfg = MinSizeRel|Win32
		{CE521616-8864-4605-A1D5-21EA3B2CABB3}.MinSizeRel|Win32.Build.0 = MinSizeRel|Win32
		{CE521616-8864-4605-A1D5-21EA3B2CABB3}.RelWithDebInfo|Win32.ActiveCfg = RelWithDebInfo|Win32
		{CE521616-8864-4605-A1D5-21EA3B2CABB3}.RelWithDebInfo|Win32.Build.0 = RelWithDebInfo|Win32
		{46C1895B-6FC2-4209-8597-78EEC2E16EF9}.Debug|Win32.ActiveCfg = Debug|Win32
		{46C1895B-6FC2-4209-8597-78EEC2E16EF9}.Debug|Win32.Build.0 = Debug|Win32
		{46C1895B-6FC2-4209-8597-78EEC2E16EF9}.Release|Win32.ActiveCfg = Release|Win32
		{46C1895B-6FC2-4209-8597-78EEC2E16EF9}.Release|Win32.Build.0 = Release|Win32
		{46C1895B-6FC2-4209-8597-78EEC2E16EF9}.MinSizeRel|Win32.ActiveCfg = MinSizeRel|Win32
		{46C1895B-6FC2-4209-8597-78EEC2E16EF9}.MinSizeRel|Win32.Build.0 = MinSizeRel|Win32
		{46C1895B-6FC2-4209-8597-78EEC2E16EF9}.RelWithDebInfo|Win32.ActiveCfg = RelWithDebInfo|Win32
		{46C1895B-6FC2-4209-8597-78EEC2E16EF9}.RelWithDebInfo|Win32.Build.0 = RelWithDebInfo|Win32
		{E3BABA54-201F-4254-8EE5-9964367B9670}.Debug|Win32.ActiveCfg = Debug|Win32
		{E3BABA54-201F-4254-8EE5-9964367B9670}.Debug|Win32.Build.0 = Debug|Win32
		{E3BABA54-201F-4254-8EE5-9964367B9670}.Release|Win32.ActiveCfg = Release|Win32
		{E3BABA54-201F-4254-8EE5-9964367B9670}.Release|Win32.Build.0 = Release|Win32
		{E3BABA54-201F-4254-8EE5-9964367B9670}.MinSizeRel|Win32.ActiveCfg = MinSizeRel|Win32
		{E3BABA54-201F-4254-8EE5-9964367B9670}.MinSizeRel|Win32.Build.0 = MinSizeRel|Win32
		{E3BABA54-201F-4254-8EE5-9964367B9670}.RelWithDebInfo|Win32.ActiveCfg = RelWithDebInfo|Win32
		{E3BABA54-201F-4254-8EE5-9964367B9670}.RelWithDebInfo|Win32.Build.0 = RelWithDebInfo|Win32
		{421A79A4-FAD2-4AC6-BA92-152AAAB85491}.Debug|Win32.ActiveCfg = Debug|Win32
		{421A79A4-FAD2-4AC6-BA92-152AAAB85491}.Debug|Win32.Build.0 = Debug|Win32
		{421A79A4-FAD2-4AC6-BA92-152AAAB85491}.Release|Win32.ActiveCfg = Release|Win32
		{421A79A4-FAD2-4AC6-BA92-152AAAB85491}.Release|Win32.Build.0 = Release|Win32
		{421A79A4-FAD2-4AC6-BA92-152AAAB85491}.MinSizeRel|Win32.ActiveCfg = MinSizeRel|Win32
		{421A79A4-FAD2-4AC6-BA92-152AAAB85491}.MinSizeRel|Win32.Build.0 = MinSizeRel|Win32
		{421A79A4-FAD2-4AC6-BA92-152AAAB85491}.RelWithDebInfo|Win32.ActiveCfg = RelWithDebInfo|Win32
		{421A79A4-FAD2-4AC6-BA92-152AAAB85491}.RelWithDebInfo|Win32.Build.0 = RelWithDebInfo|Win32
		{9C5FB997-CFB9-468B-B510-EC9B94BAA229}.Debug|Win32.ActiveCfg = Debug|Win32
		{9C5FB997-CFB9-468B-B510-EC9B94BAA229}.Debug|Win32.Build.0 = Debug|Win32
		{9C5FB997-CFB9-468B-B510-EC9B94BAA229}.Release|Win32.ActiveCfg = Release|Win32
		{9C5FB997-CFB9-468B-B510-EC9B94BAA229}.Release|Win32.Build.0 = Release|Win32
		{9C5FB997-CFB9-468B-B510-EC9B94BAA229}.MinSizeRel|Win32.ActiveCfg = MinSizeRel|Win32
		{9C5FB997-CFB9-468B-B510-EC9B94BAA229}.MinSizeRel|Win32.Build.0 = MinSizeRel|Win32
		{9C5FB997-CFB9-468B-B510-EC9B94BAA229}.RelWithDebInfo|Win32.ActiveCfg = RelWithDebInfo|Win32
		{9C5FB997-CFB9-468B-B510-EC9B94BAA229}.RelWithDebInfo|Win32.Build.0 = RelWithDebInfo|Win32
		{5947DA2A-DE49-4BB1-B5F4-63FB6F6C3A87}.Debug|Win32.ActiveCfg = Debug|Win32
		{5947DA2A-DE49-4BB1-B5F4-63FB6F6C3A87}.Debug|Win32.Build.0 = Debug|Win32
		{5947DA2A-DE49-4BB1-B5F4-63FB6F6C3A87}.Release|Win32.ActiveCfg = Release|Win32
		{5947DA2A-DE49-4BB1-B5F4-63FB6F6C3A87}.Release|Win32.Build.0 = Release|Win32
		{5947DA2A-DE49-4BB1-B5F4-63FB6F6C3A87}.MinSizeRel|Win32.ActiveCfg = MinSizeRel|Win32
		{5947DA2A-DE49-4BB1-B5F4-63FB6F6C3A87}.MinSizeRel|Win32.Build.0 = MinSizeRel|Win32
		{5947DA2A-DE49-4BB1-B5F4-63FB6F6C3A87}.RelWithDebInfo|Win32.ActiveCfg = RelWithDebInfo|Win32
		{5947DA2A-DE49-4BB1-B5F4-63FB6F6C3A87}.RelWithDebInfo|Win32.Build.0 = RelWithDebInfo|Win32
	EndGlobalSection
	GlobalSection(ExtensibilityGlobals) = postSolution
	EndGlobalSection
	GlobalSection(ExtensibilityAddIns) = postSolution
	EndGlobalSection
EndGlobal
